
Microsoft Visual Studio Solution File, Format Version 12.00
# Visual Studio Version 16
VisualStudioVersion = 16.0.30717.126
MinimumVisualStudioVersion = 10.0.40219.1
Project("{FAE04EC0-301F-11D3-BF4B-00C04F79EFBC}") = "Web_Proje", "Web_Proje\Web_Proje.csproj", "{C17D9591-E272-45FD-8C96-D307189C2D66}"
EndProject
Global
	GlobalSection(SolutionConfigurationPlatforms) = preSolution
		Debug|Any CPU = Debug|Any CPU
		Release|Any CPU = Release|Any CPU
	EndGlobalSection
	GlobalSection(ProjectConfigurationPlatforms) = postSolution
		{C17D9591-E272-45FD-8C96-D307189C2D66}.Debug|Any CPU.ActiveCfg = Debug|Any CPU
		{C17D9591-E272-45FD-8C96-D307189C2D66}.Debug|Any CPU.Build.0 = Debug|Any CPU
		{C17D9591-E272-45FD-8C96-D307189C2D66}.Release|Any CPU.ActiveCfg = Release|Any CPU
		{C17D9591-E272-45FD-8C96-D307189C2D66}.Release|Any CPU.Build.0 = Release|Any CPU
	EndGlobalSection
	GlobalSection(SolutionProperties) = preSolution
		HideSolutionNode = FALSE
	EndGlobalSection
	GlobalSection(ExtensibilityGlobals) = postSolution
		SolutionGuid = {40B2E20A-E3EF-4947-89AC-A99BB909F01C}
	EndGlobalSection
EndGlobal
